
Microsoft Visual Studio Solution File, Format Version 12.00
# Visual Studio 15
VisualStudioVersion = 15.0.27428.2043
MinimumVisualStudioVersion = 10.0.40219.1
Project("{FAE04EC0-301F-11D3-BF4B-00C04F79EFBC}") = "JJA.Anperi.Host", "Host\JJA.Anperi.Host.csproj", "{93378622-668A-449F-A0AA-8ED84C145E8E}"
EndProject
Project("{9A19103F-16F7-4668-BE54-9A1E7A4F7556}") = "JJA.Anperi.Internal.Api", "Internal.Api\JJA.Anperi.Internal.Api\JJA.Anperi.Internal.Api.csproj", "{A8071715-1C29-4BDD-9F30-83C020073710}"
EndProject
Project("{9A19103F-16F7-4668-BE54-9A1E7A4F7556}") = "JJA.Anperi.Internal.Api.Device", "Internal.Api\JJA.Anperi.Internal.Api.Device\JJA.Anperi.Internal.Api.Device.csproj", "{967A983A-2BE3-49F8-BC23-6BB6712559FF}"
EndProject
Project("{9A19103F-16F7-4668-BE54-9A1E7A4F7556}") = "JJA.Anperi.Internal.Api.Host", "Internal.Api\JJA.Anperi.Internal.Api.Host\JJA.Anperi.Internal.Api.Host.csproj", "{CEF463B7-4A01-4C1C-B120-B1F8C71DCE9F}"
EndProject
Project("{9A19103F-16F7-4668-BE54-9A1E7A4F7556}") = "JJA.Anperi.Internal.Api.Peripheral", "Internal.Api\JJA.Anperi.Internal.Api.Peripheral\JJA.Anperi.Internal.Api.Peripheral.csproj", "{13FB9EE4-60BC-49CD-A1C2-FFB3DDABE989}"
EndProject
Project("{9A19103F-16F7-4668-BE54-9A1E7A4F7556}") = "JJA.Anperi.Internal.Api.Shared", "Internal.Api\JJA.Anperi.Internal.Api.Shared\JJA.Anperi.Internal.Api.Shared.csproj", "{69FB7336-E6D1-4079-B7A6-5284ADDAC7E7}"
EndProject
Project("{9A19103F-16F7-4668-BE54-9A1E7A4F7556}") = "JJA.Anperi.Ipc.Client", "Ipc\JJA.Anperi.Ipc.Client\JJA.Anperi.Ipc.Client.csproj", "{BC7D78DE-6275-440D-A35D-14A38175D0E8}"
EndProject
Project("{9A19103F-16F7-4668-BE54-9A1E7A4F7556}") = "JJA.Anperi.Ipc.Client.NamedPipe", "Ipc\JJA.Anperi.Ipc.Client.NamedPipe\JJA.Anperi.Ipc.Client.NamedPipe.csproj", "{4E377136-E172-4F2F-A910-E709FC6A0387}"
EndProject
Project("{9A19103F-16F7-4668-BE54-9A1E7A4F7556}") = "JJA.Anperi.Ipc.Common.NamedPipe", "Ipc\JJA.Anperi.Ipc.Common.NamedPipe\JJA.Anperi.Ipc.Common.NamedPipe.csproj", "{DC14835F-8CAB-430E-9248-9A8C1AB41B9A}"
EndProject
Project("{9A19103F-16F7-4668-BE54-9A1E7A4F7556}") = "JJA.Anperi.Ipc.Dto", "Ipc\JJA.Anperi.Ipc.Dto\JJA.Anperi.Ipc.Dto.csproj", "{EDEF0690-4C3E-4243-8925-D6912CE00B91}"
EndProject
Project("{9A19103F-16F7-4668-BE54-9A1E7A4F7556}") = "JJA.Anperi.Ipc.Server", "Ipc\JJA.Anperi.Ipc.Server\JJA.Anperi.Ipc.Server.csproj", "{6F4C440C-787C-430E-9455-42B0B776C58E}"
EndProject
Project("{9A19103F-16F7-4668-BE54-9A1E7A4F7556}") = "JJA.Anperi.Ipc.Server.NamedPipe", "Ipc\JJA.Anperi.Ipc.Server.NamedPipe\JJA.Anperi.Ipc.Server.NamedPipe.csproj", "{81C6AB31-75BB-43E8-8377-073223210BCC}"
EndProject
Project("{9A19103F-16F7-4668-BE54-9A1E7A4F7556}") = "JJA.Anperi.Lib", "Library\JJA.Anperi.Lib.csproj", "{7C42178A-C27B-49FF-B744-9F1A58C71325}"
EndProject
Project("{9A19103F-16F7-4668-BE54-9A1E7A4F7556}") = "JJA.Anperi.Server", "Server\JJA.Anperi.Server\JJA.Anperi.Server.csproj", "{E210FAEA-CF33-40C5-88C3-F6475CB0E162}"
EndProject
Project("{9A19103F-16F7-4668-BE54-9A1E7A4F7556}") = "JJA.Anperi.Server.Model", "Server\JJA.Anperi.Server.Model\JJA.Anperi.Server.Model.csproj", "{7A28CE16-0AA0-436C-9C1C-E175484D2A86}"
EndProject
Project("{9A19103F-16F7-4668-BE54-9A1E7A4F7556}") = "JJA.Anperi.Utility", "Utility\JJA.Anperi.Utility.csproj", "{F6B7FF72-2E9E-446A-9526-3EE594CA1D95}"
EndProject
Project("{FAE04EC0-301F-11D3-BF4B-00C04F79EFBC}") = "AnperiRemote", "AnperiRemote\AnperiRemote.csproj", "{FAF3481E-40DF-4033-B596-E279BF8A641C}"
EndProject
Project("{FAE04EC0-301F-11D3-BF4B-00C04F79EFBC}") = "JJA.Anperi.WpfUtility", "WpfUtility\JJA.Anperi.WpfUtility.csproj", "{269E94BF-441D-4042-8082-F68D16AE375C}"
EndProject
Project("{FAE04EC0-301F-11D3-BF4B-00C04F79EFBC}") = "JJA.Anperi.Host.Model", "JJA.Anperi.Host.Model\JJA.Anperi.Host.Model.csproj", "{D56C146C-56CA-4D0F-A222-A50F9D354665}"
EndProject
Global
	GlobalSection(SolutionConfigurationPlatforms) = preSolution
		Debug|Any CPU = Debug|Any CPU
		Release|Any CPU = Release|Any CPU
	EndGlobalSection
	GlobalSection(ProjectConfigurationPlatforms) = postSolution
		{93378622-668A-449F-A0AA-8ED84C145E8E}.Debug|Any CPU.ActiveCfg = Debug|Any CPU
		{93378622-668A-449F-A0AA-8ED84C145E8E}.Debug|Any CPU.Build.0 = Debug|Any CPU
		{93378622-668A-449F-A0AA-8ED84C145E8E}.Release|Any CPU.ActiveCfg = Release|Any CPU
		{93378622-668A-449F-A0AA-8ED84C145E8E}.Release|Any CPU.Build.0 = Release|Any CPU
		{A8071715-1C29-4BDD-9F30-83C020073710}.Debug|Any CPU.ActiveCfg = Debug|Any CPU
		{A8071715-1C29-4BDD-9F30-83C020073710}.Debug|Any CPU.Build.0 = Debug|Any CPU
		{A8071715-1C29-4BDD-9F30-83C020073710}.Release|Any CPU.ActiveCfg = Release|Any CPU
		{A8071715-1C29-4BDD-9F30-83C020073710}.Release|Any CPU.Build.0 = Release|Any CPU
		{967A983A-2BE3-49F8-BC23-6BB6712559FF}.Debug|Any CPU.ActiveCfg = Debug|Any CPU
		{967A983A-2BE3-49F8-BC23-6BB6712559FF}.Debug|Any CPU.Build.0 = Debug|Any CPU
		{967A983A-2BE3-49F8-BC23-6BB6712559FF}.Release|Any CPU.ActiveCfg = Release|Any CPU
		{967A983A-2BE3-49F8-BC23-6BB6712559FF}.Release|Any CPU.Build.0 = Release|Any CPU
		{CEF463B7-4A01-4C1C-B120-B1F8C71DCE9F}.Debug|Any CPU.ActiveCfg = Debug|Any CPU
		{CEF463B7-4A01-4C1C-B120-B1F8C71DCE9F}.Debug|Any CPU.Build.0 = Debug|Any CPU
		{CEF463B7-4A01-4C1C-B120-B1F8C71DCE9F}.Release|Any CPU.ActiveCfg = Release|Any CPU
		{CEF463B7-4A01-4C1C-B120-B1F8C71DCE9F}.Release|Any CPU.Build.0 = Release|Any CPU
		{13FB9EE4-60BC-49CD-A1C2-FFB3DDABE989}.Debug|Any CPU.ActiveCfg = Debug|Any CPU
		{13FB9EE4-60BC-49CD-A1C2-FFB3DDABE989}.Debug|Any CPU.Build.0 = Debug|Any CPU
		{13FB9EE4-60BC-49CD-A1C2-FFB3DDABE989}.Release|Any CPU.ActiveCfg = Release|Any CPU
		{13FB9EE4-60BC-49CD-A1C2-FFB3DDABE989}.Release|Any CPU.Build.0 = Release|Any CPU
		{69FB7336-E6D1-4079-B7A6-5284ADDAC7E7}.Debug|Any CPU.ActiveCfg = Debug|Any CPU
		{69FB7336-E6D1-4079-B7A6-5284ADDAC7E7}.Debug|Any CPU.Build.0 = Debug|Any CPU
		{69FB7336-E6D1-4079-B7A6-5284ADDAC7E7}.Release|Any CPU.ActiveCfg = Release|Any CPU
		{69FB7336-E6D1-4079-B7A6-5284ADDAC7E7}.Release|Any CPU.Build.0 = Release|Any CPU
		{BC7D78DE-6275-440D-A35D-14A38175D0E8}.Debug|Any CPU.ActiveCfg = Debug|Any CPU
		{BC7D78DE-6275-440D-A35D-14A38175D0E8}.Debug|Any CPU.Build.0 = Debug|Any CPU
		{BC7D78DE-6275-440D-A35D-14A38175D0E8}.Release|Any CPU.ActiveCfg = Release|Any CPU
		{BC7D78DE-6275-440D-A35D-14A38175D0E8}.Release|Any CPU.Build.0 = Release|Any CPU
		{4E377136-E172-4F2F-A910-E709FC6A0387}.Debug|Any CPU.ActiveCfg = Debug|Any CPU
		{4E377136-E172-4F2F-A910-E709FC6A0387}.Debug|Any CPU.Build.0 = Debug|Any CPU
		{4E377136-E172-4F2F-A910-E709FC6A0387}.Release|Any CPU.ActiveCfg = Release|Any CPU
		{4E377136-E172-4F2F-A910-E709FC6A0387}.Release|Any CPU.Build.0 = Release|Any CPU
		{DC14835F-8CAB-430E-9248-9A8C1AB41B9A}.Debug|Any CPU.ActiveCfg = Debug|Any CPU
		{DC14835F-8CAB-430E-9248-9A8C1AB41B9A}.Debug|Any CPU.Build.0 = Debug|Any CPU
		{DC14835F-8CAB-430E-9248-9A8C1AB41B9A}.Release|Any CPU.ActiveCfg = Release|Any CPU
		{DC14835F-8CAB-430E-9248-9A8C1AB41B9A}.Release|Any CPU.Build.0 = Release|Any CPU
		{EDEF0690-4C3E-4243-8925-D6912CE00B91}.Debug|Any CPU.ActiveCfg = Debug|Any CPU
		{EDEF0690-4C3E-4243-8925-D6912CE00B91}.Debug|Any CPU.Build.0 = Debug|Any CPU
		{EDEF0690-4C3E-4243-8925-D6912CE00B91}.Release|Any CPU.ActiveCfg = Release|Any CPU
		{EDEF0690-4C3E-4243-8925-D6912CE00B91}.Release|Any CPU.Build.0 = Release|Any CPU
		{6F4C440C-787C-430E-9455-42B0B776C58E}.Debug|Any CPU.ActiveCfg = Debug|Any CPU
		{6F4C440C-787C-430E-9455-42B0B776C58E}.Debug|Any CPU.Build.0 = Debug|Any CPU
		{6F4C440C-787C-430E-9455-42B0B776C58E}.Release|Any CPU.ActiveCfg = Release|Any CPU
		{6F4C440C-787C-430E-9455-42B0B776C58E}.Release|Any CPU.Build.0 = Release|Any CPU
		{81C6AB31-75BB-43E8-8377-073223210BCC}.Debug|Any CPU.ActiveCfg = Debug|Any CPU
		{81C6AB31-75BB-43E8-8377-073223210BCC}.Debug|Any CPU.Build.0 = Debug|Any CPU
		{81C6AB31-75BB-43E8-8377-073223210BCC}.Release|Any CPU.ActiveCfg = Release|Any CPU
		{81C6AB31-75BB-43E8-8377-073223210BCC}.Release|Any CPU.Build.0 = Release|Any CPU
		{7C42178A-C27B-49FF-B744-9F1A58C71325}.Debug|Any CPU.ActiveCfg = Debug|Any CPU
		{7C42178A-C27B-49FF-B744-9F1A58C71325}.Debug|Any CPU.Build.0 = Debug|Any CPU
		{7C42178A-C27B-49FF-B744-9F1A58C71325}.Release|Any CPU.ActiveCfg = Release|Any CPU
		{7C42178A-C27B-49FF-B744-9F1A58C71325}.Release|Any CPU.Build.0 = Release|Any CPU
		{E210FAEA-CF33-40C5-88C3-F6475CB0E162}.Debug|Any CPU.ActiveCfg = Debug|Any CPU
		{E210FAEA-CF33-40C5-88C3-F6475CB0E162}.Debug|Any CPU.Build.0 = Debug|Any CPU
		{E210FAEA-CF33-40C5-88C3-F6475CB0E162}.Release|Any CPU.ActiveCfg = Release|Any CPU
		{E210FAEA-CF33-40C5-88C3-F6475CB0E162}.Release|Any CPU.Build.0 = Release|Any CPU
		{7A28CE16-0AA0-436C-9C1C-E175484D2A86}.Debug|Any CPU.ActiveCfg = Debug|Any CPU
		{7A28CE16-0AA0-436C-9C1C-E175484D2A86}.Debug|Any CPU.Build.0 = Debug|Any CPU
		{7A28CE16-0AA0-436C-9C1C-E175484D2A86}.Release|Any CPU.ActiveCfg = Release|Any CPU
		{7A28CE16-0AA0-436C-9C1C-E175484D2A86}.Release|Any CPU.Build.0 = Release|Any CPU
		{F6B7FF72-2E9E-446A-9526-3EE594CA1D95}.Debug|Any CPU.ActiveCfg = Debug|Any CPU
		{F6B7FF72-2E9E-446A-9526-3EE594CA1D95}.Debug|Any CPU.Build.0 = Debug|Any CPU
		{F6B7FF72-2E9E-446A-9526-3EE594CA1D95}.Release|Any CPU.ActiveCfg = Release|Any CPU
		{F6B7FF72-2E9E-446A-9526-3EE594CA1D95}.Release|Any CPU.Build.0 = Release|Any CPU
		{FAF3481E-40DF-4033-B596-E279BF8A641C}.Debug|Any CPU.ActiveCfg = Debug|Any CPU
		{FAF3481E-40DF-4033-B596-E279BF8A641C}.Debug|Any CPU.Build.0 = Debug|Any CPU
		{FAF3481E-40DF-4033-B596-E279BF8A641C}.Release|Any CPU.ActiveCfg = Release|Any CPU
		{FAF3481E-40DF-4033-B596-E279BF8A641C}.Release|Any CPU.Build.0 = Release|Any CPU
		{269E94BF-441D-4042-8082-F68D16AE375C}.Debug|Any CPU.ActiveCfg = Debug|Any CPU
		{269E94BF-441D-4042-8082-F68D16AE375C}.Debug|Any CPU.Build.0 = Debug|Any CPU
		{269E94BF-441D-4042-8082-F68D16AE375C}.Release|Any CPU.ActiveCfg = Release|Any CPU
		{269E94BF-441D-4042-8082-F68D16AE375C}.Release|Any CPU.Build.0 = Release|Any CPU
		{D56C146C-56CA-4D0F-A222-A50F9D354665}.Debug|Any CPU.ActiveCfg = Debug|Any CPU
		{D56C146C-56CA-4D0F-A222-A50F9D354665}.Debug|Any CPU.Build.0 = Debug|Any CPU
		{D56C146C-56CA-4D0F-A222-A50F9D354665}.Release|Any CPU.ActiveCfg = Release|Any CPU
		{D56C146C-56CA-4D0F-A222-A50F9D354665}.Release|Any CPU.Build.0 = Release|Any CPU
	EndGlobalSection
	GlobalSection(SolutionProperties) = preSolution
		HideSolutionNode = FALSE
	EndGlobalSection
	GlobalSection(ExtensibilityGlobals) = postSolution
		SolutionGuid = {9EC3B548-8C0A-49AD-9FB2-D2967326B29B}
	EndGlobalSection
EndGlobal
