
Microsoft Visual Studio Solution File, Format Version 12.00
# Visual Studio 15
VisualStudioVersion = 15.0.27428.2043
MinimumVisualStudioVersion = 10.0.40219.1
Project("{FAE04EC0-301F-11D3-BF4B-00C04F79EFBC}") = "JJA.Anperi.Utility", "JJA.Anperi.Utility\JJA.Anperi.Utility.csproj", "{E1BEA84D-EDE8-4CF8-A2FE-076567347475}"
EndProject
Global
	GlobalSection(SolutionConfigurationPlatforms) = preSolution
		Debug|Any CPU = Debug|Any CPU
		Release|Any CPU = Release|Any CPU
	EndGlobalSection
	GlobalSection(ProjectConfigurationPlatforms) = postSolution
		{E1BEA84D-EDE8-4CF8-A2FE-076567347475}.Debug|Any CPU.ActiveCfg = Debug|Any CPU
		{E1BEA84D-EDE8-4CF8-A2FE-076567347475}.Debug|Any CPU.Build.0 = Debug|Any CPU
		{E1BEA84D-EDE8-4CF8-A2FE-076567347475}.Release|Any CPU.ActiveCfg = Release|Any CPU
		{E1BEA84D-EDE8-4CF8-A2FE-076567347475}.Release|Any CPU.Build.0 = Release|Any CPU
	EndGlobalSection
	GlobalSection(SolutionProperties) = preSolution
		HideSolutionNode = FALSE
	EndGlobalSection
	GlobalSection(ExtensibilityGlobals) = postSolution
		SolutionGuid = {17EBD307-E0E0-4C59-864E-4E5B1E57892D}
	EndGlobalSection
EndGlobal
